
Microsoft Visual Studio Solution File, Format Version 12.00
# Visual Studio Version 16
VisualStudioVersion = 16.0.31624.102
MinimumVisualStudioVersion = 10.0.40219.1
Project("{FAE04EC0-301F-11D3-BF4B-00C04F79EFBC}") = "App4.Android", "App4\App4.Android\App4.Android.csproj", "{53BF4C88-7B19-43B9-93DB-58614B29CB6C}"
EndProject
Project("{FAE04EC0-301F-11D3-BF4B-00C04F79EFBC}") = "App4.iOS", "App4\App4.iOS\App4.iOS.csproj", "{6807FB78-5A50-4861-AF25-337EF762C0C6}"
EndProject
Project("{FAE04EC0-301F-11D3-BF4B-00C04F79EFBC}") = "App4", "App4\App4\App4.csproj", "{9E56CCB9-EFAF-4F23-AFFC-9C69E4AEF568}"
EndProject
Global
	GlobalSection(SolutionConfigurationPlatforms) = preSolution
		Debug|Any CPU = Debug|Any CPU
		Debug|iPhone = Debug|iPhone
		Debug|iPhoneSimulator = Debug|iPhoneSimulator
		Release|Any CPU = Release|Any CPU
		Release|iPhone = Release|iPhone
		Release|iPhoneSimulator = Release|iPhoneSimulator
	EndGlobalSection
	GlobalSection(ProjectConfigurationPlatforms) = postSolution
		{53BF4C88-7B19-43B9-93DB-58614B29CB6C}.Debug|Any CPU.ActiveCfg = Debug|Any CPU
		{53BF4C88-7B19-43B9-93DB-58614B29CB6C}.Debug|Any CPU.Build.0 = Debug|Any CPU
		{53BF4C88-7B19-43B9-93DB-58614B29CB6C}.Debug|Any CPU.Deploy.0 = Debug|Any CPU
		{53BF4C88-7B19-43B9-93DB-58614B29CB6C}.Debug|iPhone.ActiveCfg = Debug|Any CPU
		{53BF4C88-7B19-43B9-93DB-58614B29CB6C}.Debug|iPhone.Build.0 = Debug|Any CPU
		{53BF4C88-7B19-43B9-93DB-58614B29CB6C}.Debug|iPhone.Deploy.0 = Debug|Any CPU
		{53BF4C88-7B19-43B9-93DB-58614B29CB6C}.Debug|iPhoneSimulator.ActiveCfg = Debug|Any CPU
		{53BF4C88-7B19-43B9-93DB-58614B29CB6C}.Debug|iPhoneSimulator.Build.0 = Debug|Any CPU
		{53BF4C88-7B19-43B9-93DB-58614B29CB6C}.Debug|iPhoneSimulator.Deploy.0 = Debug|Any CPU
		{53BF4C88-7B19-43B9-93DB-58614B29CB6C}.Release|Any CPU.ActiveCfg = Release|Any CPU
		{53BF4C88-7B19-43B9-93DB-58614B29CB6C}.Release|Any CPU.Build.0 = Release|Any CPU
		{53BF4C88-7B19-43B9-93DB-58614B29CB6C}.Release|Any CPU.Deploy.0 = Release|Any CPU
		{53BF4C88-7B19-43B9-93DB-58614B29CB6C}.Release|iPhone.ActiveCfg = Release|Any CPU
		{53BF4C88-7B19-43B9-93DB-58614B29CB6C}.Release|iPhone.Build.0 = Release|Any CPU
		{53BF4C88-7B19-43B9-93DB-58614B29CB6C}.Release|iPhone.Deploy.0 = Release|Any CPU
		{53BF4C88-7B19-43B9-93DB-58614B29CB6C}.Release|iPhoneSimulator.ActiveCfg = Release|Any CPU
		{53BF4C88-7B19-43B9-93DB-58614B29CB6C}.Release|iPhoneSimulator.Build.0 = Release|Any CPU
		{53BF4C88-7B19-43B9-93DB-58614B29CB6C}.Release|iPhoneSimulator.Deploy.0 = Release|Any CPU
		{6807FB78-5A50-4861-AF25-337EF762C0C6}.Debug|Any CPU.ActiveCfg = Debug|iPhone
		{6807FB78-5A50-4861-AF25-337EF762C0C6}.Debug|Any CPU.Build.0 = Debug|iPhone
		{6807FB78-5A50-4861-AF25-337EF762C0C6}.Debug|Any CPU.Deploy.0 = Debug|iPhone
		{6807FB78-5A50-4861-AF25-337EF762C0C6}.Debug|iPhone.ActiveCfg = Debug|iPhone
		{6807FB78-5A50-4861-AF25-337EF762C0C6}.Debug|iPhone.Build.0 = Debug|iPhone
		{6807FB78-5A50-4861-AF25-337EF762C0C6}.Debug|iPhone.Deploy.0 = Debug|iPhone
		{6807FB78-5A50-4861-AF25-337EF762C0C6}.Debug|iPhoneSimulator.ActiveCfg = Debug|iPhoneSimulator
		{6807FB78-5A50-4861-AF25-337EF762C0C6}.Debug|iPhoneSimulator.Build.0 = Debug|iPhoneSimulator
		{6807FB78-5A50-4861-AF25-337EF762C0C6}.Debug|iPhoneSimulator.Deploy.0 = Debug|iPhoneSimulator
		{6807FB78-5A50-4861-AF25-337EF762C0C6}.Release|Any CPU.ActiveCfg = Release|iPhoneSimulator
		{6807FB78-5A50-4861-AF25-337EF762C0C6}.Release|Any CPU.Build.0 = Release|iPhoneSimulator
		{6807FB78-5A50-4861-AF25-337EF762C0C6}.Release|Any CPU.Deploy.0 = Release|iPhoneSimulator
		{6807FB78-5A50-4861-AF25-337EF762C0C6}.Release|iPhone.ActiveCfg = Release|iPhone
		{6807FB78-5A50-4861-AF25-337EF762C0C6}.Release|iPhone.Build.0 = Release|iPhone
		{6807FB78-5A50-4861-AF25-337EF762C0C6}.Release|iPhone.Deploy.0 = Release|iPhone
		{6807FB78-5A50-4861-AF25-337EF762C0C6}.Release|iPhoneSimulator.ActiveCfg = Release|iPhoneSimulator
		{6807FB78-5A50-4861-AF25-337EF762C0C6}.Release|iPhoneSimulator.Build.0 = Release|iPhoneSimulator
		{6807FB78-5A50-4861-AF25-337EF762C0C6}.Release|iPhoneSimulator.Deploy.0 = Release|iPhoneSimulator
		{9E56CCB9-EFAF-4F23-AFFC-9C69E4AEF568}.Debug|Any CPU.ActiveCfg = Debug|Any CPU
		{9E56CCB9-EFAF-4F23-AFFC-9C69E4AEF568}.Debug|Any CPU.Build.0 = Debug|Any CPU
		{9E56CCB9-EFAF-4F23-AFFC-9C69E4AEF568}.Debug|Any CPU.Deploy.0 = Debug|Any CPU
		{9E56CCB9-EFAF-4F23-AFFC-9C69E4AEF568}.Debug|iPhone.ActiveCfg = Debug|Any CPU
		{9E56CCB9-EFAF-4F23-AFFC-9C69E4AEF568}.Debug|iPhone.Build.0 = Debug|Any CPU
		{9E56CCB9-EFAF-4F23-AFFC-9C69E4AEF568}.Debug|iPhone.Deploy.0 = Debug|Any CPU
		{9E56CCB9-EFAF-4F23-AFFC-9C69E4AEF568}.Debug|iPhoneSimulator.ActiveCfg = Debug|Any CPU
		{9E56CCB9-EFAF-4F23-AFFC-9C69E4AEF568}.Debug|iPhoneSimulator.Build.0 = Debug|Any CPU
		{9E56CCB9-EFAF-4F23-AFFC-9C69E4AEF568}.Debug|iPhoneSimulator.Deploy.0 = Debug|Any CPU
		{9E56CCB9-EFAF-4F23-AFFC-9C69E4AEF568}.Release|Any CPU.ActiveCfg = Release|Any CPU
		{9E56CCB9-EFAF-4F23-AFFC-9C69E4AEF568}.Release|Any CPU.Build.0 = Release|Any CPU
		{9E56CCB9-EFAF-4F23-AFFC-9C69E4AEF568}.Release|Any CPU.Deploy.0 = Release|Any CPU
		{9E56CCB9-EFAF-4F23-AFFC-9C69E4AEF568}.Release|iPhone.ActiveCfg = Release|Any CPU
		{9E56CCB9-EFAF-4F23-AFFC-9C69E4AEF568}.Release|iPhone.Build.0 = Release|Any CPU
		{9E56CCB9-EFAF-4F23-AFFC-9C69E4AEF568}.Release|iPhone.Deploy.0 = Release|Any CPU
		{9E56CCB9-EFAF-4F23-AFFC-9C69E4AEF568}.Release|iPhoneSimulator.ActiveCfg = Release|Any CPU
		{9E56CCB9-EFAF-4F23-AFFC-9C69E4AEF568}.Release|iPhoneSimulator.Build.0 = Release|Any CPU
		{9E56CCB9-EFAF-4F23-AFFC-9C69E4AEF568}.Release|iPhoneSimulator.Deploy.0 = Release|Any CPU
	EndGlobalSection
	GlobalSection(SolutionProperties) = preSolution
		HideSolutionNode = FALSE
	EndGlobalSection
	GlobalSection(ExtensibilityGlobals) = postSolution
		SolutionGuid = {59424F54-3CD5-4A7E-A913-C866EC45032F}
	EndGlobalSection
EndGlobal
